
Microsoft Visual Studio Solution File, Format Version 12.00
# Visual Studio Version 17
VisualStudioVersion = 17.9.34607.119
MinimumVisualStudioVersion = 10.0.40219.1
Project("{FAE04EC0-301F-11D3-BF4B-00C04F79EFBC}") = "WinSwitcher", "WinSwitcher.csproj", "{283B206F-F64B-445F-84E3-6E3637B3B172}"
EndProject
Global
	GlobalSection(SolutionConfigurationPlatforms) = preSolution
		Debug|Any CPU = Debug|Any CPU
		Release|Any CPU = Release|Any CPU
	EndGlobalSection
	GlobalSection(ProjectConfigurationPlatforms) = postSolution
		{283B206F-F64B-445F-84E3-6E3637B3B172}.Debug|Any CPU.ActiveCfg = Debug|Any CPU
		{283B206F-F64B-445F-84E3-6E3637B3B172}.Debug|Any CPU.Build.0 = Debug|Any CPU
		{283B206F-F64B-445F-84E3-6E3637B3B172}.Release|Any CPU.ActiveCfg = Release|Any CPU
		{283B206F-F64B-445F-84E3-6E3637B3B172}.Release|Any CPU.Build.0 = Release|Any CPU
	EndGlobalSection
	GlobalSection(SolutionProperties) = preSolution
		HideSolutionNode = FALSE
	EndGlobalSection
	GlobalSection(ExtensibilityGlobals) = postSolution
		SolutionGuid = {7BFD21E8-4A73-4CB6-ACC1-965FF0390F3E}
	EndGlobalSection
EndGlobal
